
Microsoft Visual Studio Solution File, Format Version 12.00
# Visual Studio Version 16
VisualStudioVersion = 16.0.29123.88
MinimumVisualStudioVersion = 10.0.40219.1
Project("{8BC9CEB8-8B4A-11D0-8D11-00A0C91BC942}") = "Atividade1_Exe1_VisualStudio2019", "Atividade1_Exe1_VisualStudio2019\Atividade1_Exe1_VisualStudio2019.vcxproj", "{BF58C18F-3701-4486-8BA2-9B68A07C5EC5}"
EndProject
Global
	GlobalSection(SolutionConfigurationPlatforms) = preSolution
		Debug|x64 = Debug|x64
		Debug|x86 = Debug|x86
		Release|x64 = Release|x64
		Release|x86 = Release|x86
	EndGlobalSection
	GlobalSection(ProjectConfigurationPlatforms) = postSolution
		{BF58C18F-3701-4486-8BA2-9B68A07C5EC5}.Debug|x64.ActiveCfg = Debug|x64
		{BF58C18F-3701-4486-8BA2-9B68A07C5EC5}.Debug|x64.Build.0 = Debug|x64
		{BF58C18F-3701-4486-8BA2-9B68A07C5EC5}.Debug|x86.ActiveCfg = Debug|Win32
		{BF58C18F-3701-4486-8BA2-9B68A07C5EC5}.Debug|x86.Build.0 = Debug|Win32
		{BF58C18F-3701-4486-8BA2-9B68A07C5EC5}.Release|x64.ActiveCfg = Release|x64
		{BF58C18F-3701-4486-8BA2-9B68A07C5EC5}.Release|x64.Build.0 = Release|x64
		{BF58C18F-3701-4486-8BA2-9B68A07C5EC5}.Release|x86.ActiveCfg = Release|Win32
		{BF58C18F-3701-4486-8BA2-9B68A07C5EC5}.Release|x86.Build.0 = Release|Win32
	EndGlobalSection
	GlobalSection(SolutionProperties) = preSolution
		HideSolutionNode = FALSE
	EndGlobalSection
	GlobalSection(ExtensibilityGlobals) = postSolution
		SolutionGuid = {019D07F6-4546-4E53-B03E-724F03DE0EE6}
	EndGlobalSection
EndGlobal
