<?xml version="1.0" encoding="utf-8"?>
<Project ToolsVersion="4.0" xmlns="http://schemas.microsoft.com/developer/msbuild/2003">
  <ItemGroup>
    <Filter Include="Classe Base">
      <UniqueIdentifier>{93995380-89BD-4b04-88EB-625FBE52EBFB}</UniqueIdentifier>
      <Extensions>h;hh;hpp;hxx;hm;inl;inc;ipp;xsd</Extensions>
    </Filter>
    <Filter Include="Classe Derivadas">
      <UniqueIdentifier>{67DA6AB6-F800-4c08-8B7A-83BB121AAD01}</UniqueIdentifier>
      <Extensions>rc;ico;cur;bmp;dlg;rc2;rct;bin;rgs;gif;jpg;jpeg;jpe;resx;tiff;tif;png;wav;mfcribbon-ms</Extensions>
    </Filter>
    <Filter Include="Main">
      <UniqueIdentifier>{4FC737F1-C7A5-4376-A066-2A32D752A2FF}</UniqueIdentifier>
      <Extensions>cpp;c;cc;cxx;def;odl;idl;hpj;bat;asm;asmx</Extensions>
    </Filter>
    <Filter Include="Classe Derivadas\.H">
      <UniqueIdentifier>{ddc9c3a3-1a67-4e04-91f7-33256af7cf7c}</UniqueIdentifier>
    </Filter>
    <Filter Include="Classe Derivadas\.CPP">
      <UniqueIdentifier>{be471c82-f9fd-4d6b-be7b-d4e6d305dd67}</UniqueIdentifier>
    </Filter>
  </ItemGroup>
  <ItemGroup>
    <ClInclude Include="Classe_Player_Base.h">
      <Filter>Classe Base</Filter>
    </ClInclude>
    <ClInclude Include="Clerigo.h">
      <Filter>Classe Derivadas\.H</Filter>
    </ClInclude>
  </ItemGroup>
  <ItemGroup>
    <ClCompile Include="Clerigo.cpp">
      <Filter>Classe Derivadas\.CPP</Filter>
    </ClCompile>
    <ClCompile Include="main.cpp">
      <Filter>Main</Filter>
    </ClCompile>
    <ClCompile Include="Classe_Player_Base.cpp">
      <Filter>Classe Base</Filter>
    </ClCompile>
  </ItemGroup>
</Project>