
Microsoft Visual Studio Solution File, Format Version 12.00
# Visual Studio 15
VisualStudioVersion = 15.0.27703.2042
MinimumVisualStudioVersion = 10.0.40219.1
Project("{8BC9CEB8-8B4A-11D0-8D11-00A0C91BC942}") = "Ex1", "Ex1\Ex1.vcxproj", "{CF0A578F-16A6-48D8-B8B1-9013125CF3FE}"
EndProject
Project("{8BC9CEB8-8B4A-11D0-8D11-00A0C91BC942}") = "Ex2", "Ex2\Ex2.vcxproj", "{89E5CC88-86FA-4424-8024-E767DF952CA2}"
EndProject
Global
	GlobalSection(SolutionConfigurationPlatforms) = preSolution
		Debug|x64 = Debug|x64
		Debug|x86 = Debug|x86
		Release|x64 = Release|x64
		Release|x86 = Release|x86
	EndGlobalSection
	GlobalSection(ProjectConfigurationPlatforms) = postSolution
		{CF0A578F-16A6-48D8-B8B1-9013125CF3FE}.Debug|x64.ActiveCfg = Debug|x64
		{CF0A578F-16A6-48D8-B8B1-9013125CF3FE}.Debug|x64.Build.0 = Debug|x64
		{CF0A578F-16A6-48D8-B8B1-9013125CF3FE}.Debug|x86.ActiveCfg = Debug|Win32
		{CF0A578F-16A6-48D8-B8B1-9013125CF3FE}.Debug|x86.Build.0 = Debug|Win32
		{CF0A578F-16A6-48D8-B8B1-9013125CF3FE}.Release|x64.ActiveCfg = Release|x64
		{CF0A578F-16A6-48D8-B8B1-9013125CF3FE}.Release|x64.Build.0 = Release|x64
		{CF0A578F-16A6-48D8-B8B1-9013125CF3FE}.Release|x86.ActiveCfg = Release|Win32
		{CF0A578F-16A6-48D8-B8B1-9013125CF3FE}.Release|x86.Build.0 = Release|Win32
		{89E5CC88-86FA-4424-8024-E767DF952CA2}.Debug|x64.ActiveCfg = Debug|x64
		{89E5CC88-86FA-4424-8024-E767DF952CA2}.Debug|x64.Build.0 = Debug|x64
		{89E5CC88-86FA-4424-8024-E767DF952CA2}.Debug|x86.ActiveCfg = Debug|Win32
		{89E5CC88-86FA-4424-8024-E767DF952CA2}.Debug|x86.Build.0 = Debug|Win32
		{89E5CC88-86FA-4424-8024-E767DF952CA2}.Release|x64.ActiveCfg = Release|x64
		{89E5CC88-86FA-4424-8024-E767DF952CA2}.Release|x64.Build.0 = Release|x64
		{89E5CC88-86FA-4424-8024-E767DF952CA2}.Release|x86.ActiveCfg = Release|Win32
		{89E5CC88-86FA-4424-8024-E767DF952CA2}.Release|x86.Build.0 = Release|Win32
	EndGlobalSection
	GlobalSection(SolutionProperties) = preSolution
		HideSolutionNode = FALSE
	EndGlobalSection
	GlobalSection(ExtensibilityGlobals) = postSolution
		SolutionGuid = {098A47E2-CECE-4441-8D5C-0A47E93E612E}
	EndGlobalSection
EndGlobal
