
Microsoft Visual Studio Solution File, Format Version 12.00
# Visual Studio 15
VisualStudioVersion = 15.0.26730.12
MinimumVisualStudioVersion = 10.0.40219.1
Project("{8BC9CEB8-8B4A-11D0-8D11-00A0C91BC942}") = "HerancaPolimorfismo", "HerancaPolimorfismo\HerancaPolimorfismo.vcxproj", "{DFE84078-E358-44D8-BB11-4644AC4D8DBC}"
EndProject
Global
	GlobalSection(SolutionConfigurationPlatforms) = preSolution
		Debug|x64 = Debug|x64
		Debug|x86 = Debug|x86
		Release|x64 = Release|x64
		Release|x86 = Release|x86
	EndGlobalSection
	GlobalSection(ProjectConfigurationPlatforms) = postSolution
		{DFE84078-E358-44D8-BB11-4644AC4D8DBC}.Debug|x64.ActiveCfg = Debug|x64
		{DFE84078-E358-44D8-BB11-4644AC4D8DBC}.Debug|x64.Build.0 = Debug|x64
		{DFE84078-E358-44D8-BB11-4644AC4D8DBC}.Debug|x86.ActiveCfg = Debug|Win32
		{DFE84078-E358-44D8-BB11-4644AC4D8DBC}.Debug|x86.Build.0 = Debug|Win32
		{DFE84078-E358-44D8-BB11-4644AC4D8DBC}.Release|x64.ActiveCfg = Release|x64
		{DFE84078-E358-44D8-BB11-4644AC4D8DBC}.Release|x64.Build.0 = Release|x64
		{DFE84078-E358-44D8-BB11-4644AC4D8DBC}.Release|x86.ActiveCfg = Release|Win32
		{DFE84078-E358-44D8-BB11-4644AC4D8DBC}.Release|x86.Build.0 = Release|Win32
	EndGlobalSection
	GlobalSection(SolutionProperties) = preSolution
		HideSolutionNode = FALSE
	EndGlobalSection
	GlobalSection(ExtensibilityGlobals) = postSolution
		SolutionGuid = {6F7D7218-8807-4A85-9F00-1980656A3FDE}
	EndGlobalSection
EndGlobal
