
Microsoft Visual Studio Solution File, Format Version 12.00
# Visual Studio 15
VisualStudioVersion = 15.0.27130.2036
MinimumVisualStudioVersion = 10.0.40219.1
Project("{8BC9CEB8-8B4A-11D0-8D11-00A0C91BC942}") = "Exercicio1", "Exercicio1\Exercicio1.vcxproj", "{C8F79A78-04DC-40B3-B2CA-E8F95C6A5F79}"
EndProject
Project("{8BC9CEB8-8B4A-11D0-8D11-00A0C91BC942}") = "Exercicio2", "Exercicio2\Exercicio2.vcxproj", "{1A02AE10-F8CE-46B8-94B2-BD426E3BFCC2}"
EndProject
Global
	GlobalSection(SolutionConfigurationPlatforms) = preSolution
		Debug|x64 = Debug|x64
		Debug|x86 = Debug|x86
		Release|x64 = Release|x64
		Release|x86 = Release|x86
	EndGlobalSection
	GlobalSection(ProjectConfigurationPlatforms) = postSolution
		{C8F79A78-04DC-40B3-B2CA-E8F95C6A5F79}.Debug|x64.ActiveCfg = Debug|x64
		{C8F79A78-04DC-40B3-B2CA-E8F95C6A5F79}.Debug|x64.Build.0 = Debug|x64
		{C8F79A78-04DC-40B3-B2CA-E8F95C6A5F79}.Debug|x86.ActiveCfg = Debug|Win32
		{C8F79A78-04DC-40B3-B2CA-E8F95C6A5F79}.Debug|x86.Build.0 = Debug|Win32
		{C8F79A78-04DC-40B3-B2CA-E8F95C6A5F79}.Release|x64.ActiveCfg = Release|x64
		{C8F79A78-04DC-40B3-B2CA-E8F95C6A5F79}.Release|x64.Build.0 = Release|x64
		{C8F79A78-04DC-40B3-B2CA-E8F95C6A5F79}.Release|x86.ActiveCfg = Release|Win32
		{C8F79A78-04DC-40B3-B2CA-E8F95C6A5F79}.Release|x86.Build.0 = Release|Win32
		{1A02AE10-F8CE-46B8-94B2-BD426E3BFCC2}.Debug|x64.ActiveCfg = Debug|x64
		{1A02AE10-F8CE-46B8-94B2-BD426E3BFCC2}.Debug|x64.Build.0 = Debug|x64
		{1A02AE10-F8CE-46B8-94B2-BD426E3BFCC2}.Debug|x86.ActiveCfg = Debug|Win32
		{1A02AE10-F8CE-46B8-94B2-BD426E3BFCC2}.Debug|x86.Build.0 = Debug|Win32
		{1A02AE10-F8CE-46B8-94B2-BD426E3BFCC2}.Release|x64.ActiveCfg = Release|x64
		{1A02AE10-F8CE-46B8-94B2-BD426E3BFCC2}.Release|x64.Build.0 = Release|x64
		{1A02AE10-F8CE-46B8-94B2-BD426E3BFCC2}.Release|x86.ActiveCfg = Release|Win32
		{1A02AE10-F8CE-46B8-94B2-BD426E3BFCC2}.Release|x86.Build.0 = Release|Win32
	EndGlobalSection
	GlobalSection(SolutionProperties) = preSolution
		HideSolutionNode = FALSE
	EndGlobalSection
	GlobalSection(ExtensibilityGlobals) = postSolution
		SolutionGuid = {057834F3-AFFF-4507-BF6E-EE08760585B5}
	EndGlobalSection
EndGlobal
