
Microsoft Visual Studio Solution File, Format Version 12.00
# Visual Studio 15
VisualStudioVersion = 15.0.26730.12
MinimumVisualStudioVersion = 10.0.40219.1
Project("{8BC9CEB8-8B4A-11D0-8D11-00A0C91BC942}") = "Exercício1", "Projeto1\Projeto1.vcxproj", "{F231396A-3B82-4D90-96E1-C943CA5F0E86}"
EndProject
Project("{8BC9CEB8-8B4A-11D0-8D11-00A0C91BC942}") = "Exercício2", "Exercício2\Exercício2.vcxproj", "{437EA376-76A2-43A2-9CED-1D310FDBFAE1}"
EndProject
Project("{8BC9CEB8-8B4A-11D0-8D11-00A0C91BC942}") = "Exercício3", "Exercício3\Exercício3.vcxproj", "{96C02510-1C5F-4A3A-8B40-A75531380211}"
EndProject
Project("{8BC9CEB8-8B4A-11D0-8D11-00A0C91BC942}") = "Exercício4", "Exercício4\Exercício4.vcxproj", "{F3BDED53-1847-41AE-8A95-5BB68DB5809B}"
EndProject
Global
	GlobalSection(SolutionConfigurationPlatforms) = preSolution
		Debug|x64 = Debug|x64
		Debug|x86 = Debug|x86
		Release|x64 = Release|x64
		Release|x86 = Release|x86
	EndGlobalSection
	GlobalSection(ProjectConfigurationPlatforms) = postSolution
		{F231396A-3B82-4D90-96E1-C943CA5F0E86}.Debug|x64.ActiveCfg = Debug|x64
		{F231396A-3B82-4D90-96E1-C943CA5F0E86}.Debug|x64.Build.0 = Debug|x64
		{F231396A-3B82-4D90-96E1-C943CA5F0E86}.Debug|x86.ActiveCfg = Debug|Win32
		{F231396A-3B82-4D90-96E1-C943CA5F0E86}.Debug|x86.Build.0 = Debug|Win32
		{F231396A-3B82-4D90-96E1-C943CA5F0E86}.Release|x64.ActiveCfg = Release|x64
		{F231396A-3B82-4D90-96E1-C943CA5F0E86}.Release|x64.Build.0 = Release|x64
		{F231396A-3B82-4D90-96E1-C943CA5F0E86}.Release|x86.ActiveCfg = Release|Win32
		{F231396A-3B82-4D90-96E1-C943CA5F0E86}.Release|x86.Build.0 = Release|Win32
		{437EA376-76A2-43A2-9CED-1D310FDBFAE1}.Debug|x64.ActiveCfg = Debug|x64
		{437EA376-76A2-43A2-9CED-1D310FDBFAE1}.Debug|x64.Build.0 = Debug|x64
		{437EA376-76A2-43A2-9CED-1D310FDBFAE1}.Debug|x86.ActiveCfg = Debug|Win32
		{437EA376-76A2-43A2-9CED-1D310FDBFAE1}.Debug|x86.Build.0 = Debug|Win32
		{437EA376-76A2-43A2-9CED-1D310FDBFAE1}.Release|x64.ActiveCfg = Release|x64
		{437EA376-76A2-43A2-9CED-1D310FDBFAE1}.Release|x64.Build.0 = Release|x64
		{437EA376-76A2-43A2-9CED-1D310FDBFAE1}.Release|x86.ActiveCfg = Release|Win32
		{437EA376-76A2-43A2-9CED-1D310FDBFAE1}.Release|x86.Build.0 = Release|Win32
		{96C02510-1C5F-4A3A-8B40-A75531380211}.Debug|x64.ActiveCfg = Debug|x64
		{96C02510-1C5F-4A3A-8B40-A75531380211}.Debug|x64.Build.0 = Debug|x64
		{96C02510-1C5F-4A3A-8B40-A75531380211}.Debug|x86.ActiveCfg = Debug|Win32
		{96C02510-1C5F-4A3A-8B40-A75531380211}.Debug|x86.Build.0 = Debug|Win32
		{96C02510-1C5F-4A3A-8B40-A75531380211}.Release|x64.ActiveCfg = Release|x64
		{96C02510-1C5F-4A3A-8B40-A75531380211}.Release|x64.Build.0 = Release|x64
		{96C02510-1C5F-4A3A-8B40-A75531380211}.Release|x86.ActiveCfg = Release|Win32
		{96C02510-1C5F-4A3A-8B40-A75531380211}.Release|x86.Build.0 = Release|Win32
		{F3BDED53-1847-41AE-8A95-5BB68DB5809B}.Debug|x64.ActiveCfg = Debug|x64
		{F3BDED53-1847-41AE-8A95-5BB68DB5809B}.Debug|x64.Build.0 = Debug|x64
		{F3BDED53-1847-41AE-8A95-5BB68DB5809B}.Debug|x86.ActiveCfg = Debug|Win32
		{F3BDED53-1847-41AE-8A95-5BB68DB5809B}.Debug|x86.Build.0 = Debug|Win32
		{F3BDED53-1847-41AE-8A95-5BB68DB5809B}.Release|x64.ActiveCfg = Release|x64
		{F3BDED53-1847-41AE-8A95-5BB68DB5809B}.Release|x64.Build.0 = Release|x64
		{F3BDED53-1847-41AE-8A95-5BB68DB5809B}.Release|x86.ActiveCfg = Release|Win32
		{F3BDED53-1847-41AE-8A95-5BB68DB5809B}.Release|x86.Build.0 = Release|Win32
	EndGlobalSection
	GlobalSection(SolutionProperties) = preSolution
		HideSolutionNode = FALSE
	EndGlobalSection
	GlobalSection(ExtensibilityGlobals) = postSolution
		SolutionGuid = {05EADF8E-9735-44F8-B725-16FD85B66B14}
	EndGlobalSection
EndGlobal
