
Microsoft Visual Studio Solution File, Format Version 12.00
# Visual Studio 15
VisualStudioVersion = 15.0.26730.12
MinimumVisualStudioVersion = 10.0.40219.1
Project("{8BC9CEB8-8B4A-11D0-8D11-00A0C91BC942}") = "Exercicio1", "Exercicio1\Exercicio1.vcxproj", "{91409A84-9FC9-45A1-90A9-D949341093A4}"
EndProject
Global
	GlobalSection(SolutionConfigurationPlatforms) = preSolution
		Debug|x64 = Debug|x64
		Debug|x86 = Debug|x86
		Release|x64 = Release|x64
		Release|x86 = Release|x86
	EndGlobalSection
	GlobalSection(ProjectConfigurationPlatforms) = postSolution
		{91409A84-9FC9-45A1-90A9-D949341093A4}.Debug|x64.ActiveCfg = Debug|x64
		{91409A84-9FC9-45A1-90A9-D949341093A4}.Debug|x64.Build.0 = Debug|x64
		{91409A84-9FC9-45A1-90A9-D949341093A4}.Debug|x86.ActiveCfg = Debug|Win32
		{91409A84-9FC9-45A1-90A9-D949341093A4}.Debug|x86.Build.0 = Debug|Win32
		{91409A84-9FC9-45A1-90A9-D949341093A4}.Release|x64.ActiveCfg = Release|x64
		{91409A84-9FC9-45A1-90A9-D949341093A4}.Release|x64.Build.0 = Release|x64
		{91409A84-9FC9-45A1-90A9-D949341093A4}.Release|x86.ActiveCfg = Release|Win32
		{91409A84-9FC9-45A1-90A9-D949341093A4}.Release|x86.Build.0 = Release|Win32
	EndGlobalSection
	GlobalSection(SolutionProperties) = preSolution
		HideSolutionNode = FALSE
	EndGlobalSection
	GlobalSection(ExtensibilityGlobals) = postSolution
		SolutionGuid = {1BA06C3B-F606-4F2B-83F0-8BF2E14ADC9F}
	EndGlobalSection
EndGlobal
