
Microsoft Visual Studio Solution File, Format Version 12.00
# Visual Studio 15
VisualStudioVersion = 15.0.26730.12
MinimumVisualStudioVersion = 10.0.40219.1
Project("{8BC9CEB8-8B4A-11D0-8D11-00A0C91BC942}") = "20.08.2", "20.08.2\20.08.2.vcxproj", "{5C5E79A7-0082-4A76-8D50-809223AC8455}"
EndProject
Global
	GlobalSection(SolutionConfigurationPlatforms) = preSolution
		Debug|x64 = Debug|x64
		Debug|x86 = Debug|x86
		Release|x64 = Release|x64
		Release|x86 = Release|x86
	EndGlobalSection
	GlobalSection(ProjectConfigurationPlatforms) = postSolution
		{5C5E79A7-0082-4A76-8D50-809223AC8455}.Debug|x64.ActiveCfg = Debug|x64
		{5C5E79A7-0082-4A76-8D50-809223AC8455}.Debug|x64.Build.0 = Debug|x64
		{5C5E79A7-0082-4A76-8D50-809223AC8455}.Debug|x86.ActiveCfg = Debug|Win32
		{5C5E79A7-0082-4A76-8D50-809223AC8455}.Debug|x86.Build.0 = Debug|Win32
		{5C5E79A7-0082-4A76-8D50-809223AC8455}.Release|x64.ActiveCfg = Release|x64
		{5C5E79A7-0082-4A76-8D50-809223AC8455}.Release|x64.Build.0 = Release|x64
		{5C5E79A7-0082-4A76-8D50-809223AC8455}.Release|x86.ActiveCfg = Release|Win32
		{5C5E79A7-0082-4A76-8D50-809223AC8455}.Release|x86.Build.0 = Release|Win32
	EndGlobalSection
	GlobalSection(SolutionProperties) = preSolution
		HideSolutionNode = FALSE
	EndGlobalSection
	GlobalSection(ExtensibilityGlobals) = postSolution
		SolutionGuid = {0E0ED763-04C3-4FDD-A9C3-C52510901ED6}
	EndGlobalSection
EndGlobal
